// !$*UTF8*$!
{
	archiveVersion = 1;
	classes = {
	};
	objectVersion = 46;
	objects = {

/* Begin PBXBuildFile section */
		0F0897691B0988980060E17E /* WorkoutContainerViewController.swift in Sources */ = {isa = PBXBuildFile; fileRef = 0F0897681B0988980060E17E /* WorkoutContainerViewController.swift */; };
		0F08976C1B099C2D0060E17E /* SlideTransitionDelegate.swift in Sources */ = {isa = PBXBuildFile; fileRef = 0F08976B1B099C2D0060E17E /* SlideTransitionDelegate.swift */; };
		0F179D6D1B01B03F00EE4744 /* DetailedExerciseViewController.swift in Sources */ = {isa = PBXBuildFile; fileRef = 0F179D6C1B01B03F00EE4744 /* DetailedExerciseViewController.swift */; };
		0F179D701B01BDF600EE4744 /* PatientWorkingOutViewController.swift in Sources */ = {isa = PBXBuildFile; fileRef = 0F179D6F1B01BDF600EE4744 /* PatientWorkingOutViewController.swift */; };
		0F179D721B01BFB500EE4744 /* CircleWithTextView.swift in Sources */ = {isa = PBXBuildFile; fileRef = 0F179D711B01BFB500EE4744 /* CircleWithTextView.swift */; };
		0F179D751B01C59400EE4744 /* CircularView.xib in Resources */ = {isa = PBXBuildFile; fileRef = 0F179D741B01C59400EE4744 /* CircularView.xib */; };
		0F2AE4091B00719C00CB96A3 /* AppDelegate.swift in Sources */ = {isa = PBXBuildFile; fileRef = 0F2AE4081B00719C00CB96A3 /* AppDelegate.swift */; };
		0F2AE40E1B00719C00CB96A3 /* Main.storyboard in Resources */ = {isa = PBXBuildFile; fileRef = 0F2AE40C1B00719C00CB96A3 /* Main.storyboard */; };
		0F2AE4101B00719C00CB96A3 /* Images.xcassets in Resources */ = {isa = PBXBuildFile; fileRef = 0F2AE40F1B00719C00CB96A3 /* Images.xcassets */; };
		0F2AE4131B00719C00CB96A3 /* LaunchScreen.xib in Resources */ = {isa = PBXBuildFile; fileRef = 0F2AE4111B00719C00CB96A3 /* LaunchScreen.xib */; };
		0F2AE41F1B00719C00CB96A3 /* PT_HelperTests.swift in Sources */ = {isa = PBXBuildFile; fileRef = 0F2AE41E1B00719C00CB96A3 /* PT_HelperTests.swift */; };
		0F2AE4291B007B0F00CB96A3 /* PatientLoginViewController.swift in Sources */ = {isa = PBXBuildFile; fileRef = 0F2AE4281B007B0F00CB96A3 /* PatientLoginViewController.swift */; };
		0F2AE42B1B0084A300CB96A3 /* PatientExercisesViewController.swift in Sources */ = {isa = PBXBuildFile; fileRef = 0F2AE42A1B0084A300CB96A3 /* PatientExercisesViewController.swift */; };
		0F2AE42F1B00894E00CB96A3 /* ExerciseCell.swift in Sources */ = {isa = PBXBuildFile; fileRef = 0F2AE42E1B00894E00CB96A3 /* ExerciseCell.swift */; };
		0F2AE4351B008AF400CB96A3 /* Exercise.swift in Sources */ = {isa = PBXBuildFile; fileRef = 0F2AE4341B008AF400CB96A3 /* Exercise.swift */; };
		0FA617681B07121700A83054 /* PatientCongratulationsViewController.swift in Sources */ = {isa = PBXBuildFile; fileRef = 0FA617671B07121700A83054 /* PatientCongratulationsViewController.swift */; };
		0FDF9C4F1B0EC4A200F71005 /* PatientHomeViewController.swift in Sources */ = {isa = PBXBuildFile; fileRef = 0FDF9C4E1B0EC4A200F71005 /* PatientHomeViewController.swift */; };
		0FEFC4BD1B06F48A0099954C /* QuartzCore.framework in Frameworks */ = {isa = PBXBuildFile; fileRef = 0FEFC4BC1B06F48A0099954C /* QuartzCore.framework */; };
		74F3134F7EF0F35269DC55F1 /* libPods.a in Frameworks */ = {isa = PBXBuildFile; fileRef = 6C3CFD0231F5465C90B94198 /* libPods.a */; };
		B54E741F1B114A8F0064BB8A /* ProviderManagePatientExercises.swift in Sources */ = {isa = PBXBuildFile; fileRef = B54E741E1B114A8F0064BB8A /* ProviderManagePatientExercises.swift */; };
		B54E74211B1276030064BB8A /* NewExerciseViewController.swift in Sources */ = {isa = PBXBuildFile; fileRef = B54E74201B1276030064BB8A /* NewExerciseViewController.swift */; };
		B5841B7F1B1291F80075AA47 /* ExerciseTemplateCell.swift in Sources */ = {isa = PBXBuildFile; fileRef = B5841B7E1B1291F80075AA47 /* ExerciseTemplateCell.swift */; };
		B5841B811B13A4320075AA47 /* EditExerciseViewController.swift in Sources */ = {isa = PBXBuildFile; fileRef = B5841B801B13A4320075AA47 /* EditExerciseViewController.swift */; };
		B5B4C7351B051398004D5FFD /* PatientCell.swift in Sources */ = {isa = PBXBuildFile; fileRef = B5B4C7341B051398004D5FFD /* PatientCell.swift */; };
		B5B4C7371B05140D004D5FFD /* ProviderPatientsViewController.swift in Sources */ = {isa = PBXBuildFile; fileRef = B5B4C7361B05140D004D5FFD /* ProviderPatientsViewController.swift */; };
		B5B4C7391B051DBC004D5FFD /* ProviderSignupVIewController.swift in Sources */ = {isa = PBXBuildFile; fileRef = B5B4C7381B051DBC004D5FFD /* ProviderSignupVIewController.swift */; };
		B5B4C73D1B06AF57004D5FFD /* Util.swift in Sources */ = {isa = PBXBuildFile; fileRef = B5B4C73C1B06AF57004D5FFD /* Util.swift */; };
		CA0EB8F21B03E5A90060FA8E /* ProviderHomeViewController.swift in Sources */ = {isa = PBXBuildFile; fileRef = CA0EB8F11B03E5A90060FA8E /* ProviderHomeViewController.swift */; };
		CA0EB8F41B03EA610060FA8E /* ProviderManageExercisesViewController.swift in Sources */ = {isa = PBXBuildFile; fileRef = CA0EB8F31B03EA610060FA8E /* ProviderManageExercisesViewController.swift */; };
		CA0EB8F61B03EF6E0060FA8E /* ProviderCreateNewPatientViewController.swift in Sources */ = {isa = PBXBuildFile; fileRef = CA0EB8F51B03EF6E0060FA8E /* ProviderCreateNewPatientViewController.swift */; };
		CA5EF1901B072B710048BAB2 /* CreateNewExerciseViewController.swift in Sources */ = {isa = PBXBuildFile; fileRef = CA5EF18F1B072B710048BAB2 /* CreateNewExerciseViewController.swift */; };
		CA5EF1921B072EC40048BAB2 /* UIKit.framework in Frameworks */ = {isa = PBXBuildFile; fileRef = CA5EF1911B072EC40048BAB2 /* UIKit.framework */; };
		CA5EF1981B093A310048BAB2 /* MobileCoreServices.framework in Frameworks */ = {isa = PBXBuildFile; fileRef = CA5EF1971B093A310048BAB2 /* MobileCoreServices.framework */; };
		CA5EF19A1B09431E0048BAB2 /* MediaPlayer.framework in Frameworks */ = {isa = PBXBuildFile; fileRef = CA5EF1991B09431E0048BAB2 /* MediaPlayer.framework */; };
		CAD054F81B09D193000DDE71 /* AVFoundation.framework in Frameworks */ = {isa = PBXBuildFile; fileRef = CAD054F71B09D193000DDE71 /* AVFoundation.framework */; };
/* End PBXBuildFile section */

/* Begin PBXContainerItemProxy section */
		0F2AE4191B00719C00CB96A3 /* PBXContainerItemProxy */ = {
			isa = PBXContainerItemProxy;
			containerPortal = 0F2AE3FB1B00719C00CB96A3 /* Project object */;
			proxyType = 1;
			remoteGlobalIDString = 0F2AE4021B00719C00CB96A3;
			remoteInfo = PT_Helper;
		};
/* End PBXContainerItemProxy section */

/* Begin PBXFileReference section */
		0F0897681B0988980060E17E /* WorkoutContainerViewController.swift */ = {isa = PBXFileReference; fileEncoding = 4; lastKnownFileType = sourcecode.swift; path = WorkoutContainerViewController.swift; sourceTree = "<group>"; };
		0F08976B1B099C2D0060E17E /* SlideTransitionDelegate.swift */ = {isa = PBXFileReference; fileEncoding = 4; lastKnownFileType = sourcecode.swift; path = SlideTransitionDelegate.swift; sourceTree = "<group>"; };
		0F179D6C1B01B03F00EE4744 /* DetailedExerciseViewController.swift */ = {isa = PBXFileReference; fileEncoding = 4; lastKnownFileType = sourcecode.swift; path = DetailedExerciseViewController.swift; sourceTree = "<group>"; };
		0F179D6F1B01BDF600EE4744 /* PatientWorkingOutViewController.swift */ = {isa = PBXFileReference; fileEncoding = 4; lastKnownFileType = sourcecode.swift; path = PatientWorkingOutViewController.swift; sourceTree = "<group>"; };
		0F179D711B01BFB500EE4744 /* CircleWithTextView.swift */ = {isa = PBXFileReference; fileEncoding = 4; lastKnownFileType = sourcecode.swift; path = CircleWithTextView.swift; sourceTree = "<group>"; };
		0F179D741B01C59400EE4744 /* CircularView.xib */ = {isa = PBXFileReference; fileEncoding = 4; lastKnownFileType = file.xib; path = CircularView.xib; sourceTree = "<group>"; };
		0F2AE4031B00719C00CB96A3 /* PT_Helper.app */ = {isa = PBXFileReference; explicitFileType = wrapper.application; includeInIndex = 0; path = PT_Helper.app; sourceTree = BUILT_PRODUCTS_DIR; };
		0F2AE4071B00719C00CB96A3 /* Info.plist */ = {isa = PBXFileReference; lastKnownFileType = text.plist.xml; path = Info.plist; sourceTree = "<group>"; };
		0F2AE4081B00719C00CB96A3 /* AppDelegate.swift */ = {isa = PBXFileReference; lastKnownFileType = sourcecode.swift; path = AppDelegate.swift; sourceTree = "<group>"; };
		0F2AE40D1B00719C00CB96A3 /* Base */ = {isa = PBXFileReference; lastKnownFileType = file.storyboard; name = Base; path = Base.lproj/Main.storyboard; sourceTree = "<group>"; };
		0F2AE40F1B00719C00CB96A3 /* Images.xcassets */ = {isa = PBXFileReference; lastKnownFileType = folder.assetcatalog; path = Images.xcassets; sourceTree = "<group>"; };
		0F2AE4121B00719C00CB96A3 /* Base */ = {isa = PBXFileReference; lastKnownFileType = file.xib; name = Base; path = Base.lproj/LaunchScreen.xib; sourceTree = "<group>"; };
		0F2AE4181B00719C00CB96A3 /* PT_HelperTests.xctest */ = {isa = PBXFileReference; explicitFileType = wrapper.cfbundle; includeInIndex = 0; path = PT_HelperTests.xctest; sourceTree = BUILT_PRODUCTS_DIR; };
		0F2AE41D1B00719C00CB96A3 /* Info.plist */ = {isa = PBXFileReference; lastKnownFileType = text.plist.xml; path = Info.plist; sourceTree = "<group>"; };
		0F2AE41E1B00719C00CB96A3 /* PT_HelperTests.swift */ = {isa = PBXFileReference; lastKnownFileType = sourcecode.swift; path = PT_HelperTests.swift; sourceTree = "<group>"; };
		0F2AE4281B007B0F00CB96A3 /* PatientLoginViewController.swift */ = {isa = PBXFileReference; fileEncoding = 4; lastKnownFileType = sourcecode.swift; path = PatientLoginViewController.swift; sourceTree = "<group>"; };
		0F2AE42A1B0084A300CB96A3 /* PatientExercisesViewController.swift */ = {isa = PBXFileReference; fileEncoding = 4; lastKnownFileType = sourcecode.swift; path = PatientExercisesViewController.swift; sourceTree = "<group>"; };
		0F2AE42E1B00894E00CB96A3 /* ExerciseCell.swift */ = {isa = PBXFileReference; fileEncoding = 4; lastKnownFileType = sourcecode.swift; path = ExerciseCell.swift; sourceTree = "<group>"; };
		0F2AE4341B008AF400CB96A3 /* Exercise.swift */ = {isa = PBXFileReference; fileEncoding = 4; lastKnownFileType = sourcecode.swift; path = Exercise.swift; sourceTree = "<group>"; };
		0FA617671B07121700A83054 /* PatientCongratulationsViewController.swift */ = {isa = PBXFileReference; fileEncoding = 4; lastKnownFileType = sourcecode.swift; path = PatientCongratulationsViewController.swift; sourceTree = "<group>"; };
		0FDF9C4E1B0EC4A200F71005 /* PatientHomeViewController.swift */ = {isa = PBXFileReference; fileEncoding = 4; lastKnownFileType = sourcecode.swift; path = PatientHomeViewController.swift; sourceTree = "<group>"; };
		0FEFC4BC1B06F48A0099954C /* QuartzCore.framework */ = {isa = PBXFileReference; lastKnownFileType = wrapper.framework; name = QuartzCore.framework; path = System/Library/Frameworks/QuartzCore.framework; sourceTree = SDKROOT; };
		0FEFC4BE1B06FCF30099954C /* KYCircularProgress.framework */ = {isa = PBXFileReference; lastKnownFileType = wrapper.framework; name = KYCircularProgress.framework; path = "Pods/../build/Debug-iphoneos/Pods/KYCircularProgress.framework"; sourceTree = "<group>"; };
		23452D17B05C9DC7FB6A59EF /* Pods.release.xcconfig */ = {isa = PBXFileReference; includeInIndex = 1; lastKnownFileType = text.xcconfig; name = Pods.release.xcconfig; path = "Pods/Target Support Files/Pods/Pods.release.xcconfig"; sourceTree = "<group>"; };
		390A5534730AFA89A241688D /* Pods.debug.xcconfig */ = {isa = PBXFileReference; includeInIndex = 1; lastKnownFileType = text.xcconfig; name = Pods.debug.xcconfig; path = "Pods/Target Support Files/Pods/Pods.debug.xcconfig"; sourceTree = "<group>"; };
		6C3CFD0231F5465C90B94198 /* libPods.a */ = {isa = PBXFileReference; explicitFileType = archive.ar; includeInIndex = 0; path = libPods.a; sourceTree = BUILT_PRODUCTS_DIR; };
		B54E741E1B114A8F0064BB8A /* ProviderManagePatientExercises.swift */ = {isa = PBXFileReference; fileEncoding = 4; lastKnownFileType = sourcecode.swift; path = ProviderManagePatientExercises.swift; sourceTree = "<group>"; };
		B54E74201B1276030064BB8A /* NewExerciseViewController.swift */ = {isa = PBXFileReference; fileEncoding = 4; lastKnownFileType = sourcecode.swift; path = NewExerciseViewController.swift; sourceTree = "<group>"; };
		B5841B7E1B1291F80075AA47 /* ExerciseTemplateCell.swift */ = {isa = PBXFileReference; fileEncoding = 4; lastKnownFileType = sourcecode.swift; path = ExerciseTemplateCell.swift; sourceTree = "<group>"; };
		B5841B801B13A4320075AA47 /* EditExerciseViewController.swift */ = {isa = PBXFileReference; fileEncoding = 4; lastKnownFileType = sourcecode.swift; path = EditExerciseViewController.swift; sourceTree = "<group>"; };
		B5B4C72D1B02EC90004D5FFD /* PT_Helper-Bridging-Header.h */ = {isa = PBXFileReference; lastKnownFileType = sourcecode.c.h; path = "PT_Helper-Bridging-Header.h"; sourceTree = "<group>"; };
		B5B4C7341B051398004D5FFD /* PatientCell.swift */ = {isa = PBXFileReference; fileEncoding = 4; lastKnownFileType = sourcecode.swift; path = PatientCell.swift; sourceTree = "<group>"; };
		B5B4C7361B05140D004D5FFD /* ProviderPatientsViewController.swift */ = {isa = PBXFileReference; fileEncoding = 4; lastKnownFileType = sourcecode.swift; path = ProviderPatientsViewController.swift; sourceTree = "<group>"; };
		B5B4C7381B051DBC004D5FFD /* ProviderSignupVIewController.swift */ = {isa = PBXFileReference; fileEncoding = 4; lastKnownFileType = sourcecode.swift; path = ProviderSignupVIewController.swift; sourceTree = "<group>"; };
		B5B4C73C1B06AF57004D5FFD /* Util.swift */ = {isa = PBXFileReference; fileEncoding = 4; lastKnownFileType = sourcecode.swift; path = Util.swift; sourceTree = "<group>"; };
		CA0EB8F11B03E5A90060FA8E /* ProviderHomeViewController.swift */ = {isa = PBXFileReference; fileEncoding = 4; lastKnownFileType = sourcecode.swift; path = ProviderHomeViewController.swift; sourceTree = "<group>"; };
		CA0EB8F31B03EA610060FA8E /* ProviderManageExercisesViewController.swift */ = {isa = PBXFileReference; fileEncoding = 4; lastKnownFileType = sourcecode.swift; path = ProviderManageExercisesViewController.swift; sourceTree = "<group>"; };
		CA0EB8F51B03EF6E0060FA8E /* ProviderCreateNewPatientViewController.swift */ = {isa = PBXFileReference; fileEncoding = 4; lastKnownFileType = sourcecode.swift; path = ProviderCreateNewPatientViewController.swift; sourceTree = "<group>"; };
		CA5EF18F1B072B710048BAB2 /* CreateNewExerciseViewController.swift */ = {isa = PBXFileReference; fileEncoding = 4; lastKnownFileType = sourcecode.swift; path = CreateNewExerciseViewController.swift; sourceTree = "<group>"; };
		CA5EF1911B072EC40048BAB2 /* UIKit.framework */ = {isa = PBXFileReference; lastKnownFileType = wrapper.framework; name = UIKit.framework; path = System/Library/Frameworks/UIKit.framework; sourceTree = SDKROOT; };
		CA5EF1971B093A310048BAB2 /* MobileCoreServices.framework */ = {isa = PBXFileReference; lastKnownFileType = wrapper.framework; name = MobileCoreServices.framework; path = System/Library/Frameworks/MobileCoreServices.framework; sourceTree = SDKROOT; };
		CA5EF1991B09431E0048BAB2 /* MediaPlayer.framework */ = {isa = PBXFileReference; lastKnownFileType = wrapper.framework; name = MediaPlayer.framework; path = System/Library/Frameworks/MediaPlayer.framework; sourceTree = SDKROOT; };
		CAD054F71B09D193000DDE71 /* AVFoundation.framework */ = {isa = PBXFileReference; lastKnownFileType = wrapper.framework; name = AVFoundation.framework; path = System/Library/Frameworks/AVFoundation.framework; sourceTree = SDKROOT; };
/* End PBXFileReference section */

/* Begin PBXFrameworksBuildPhase section */
		0F2AE4001B00719C00CB96A3 /* Frameworks */ = {
			isa = PBXFrameworksBuildPhase;
			buildActionMask = 2147483647;
			files = (
				CAD054F81B09D193000DDE71 /* AVFoundation.framework in Frameworks */,
				CA5EF19A1B09431E0048BAB2 /* MediaPlayer.framework in Frameworks */,
				CA5EF1981B093A310048BAB2 /* MobileCoreServices.framework in Frameworks */,
				CA5EF1921B072EC40048BAB2 /* UIKit.framework in Frameworks */,
				0FEFC4BD1B06F48A0099954C /* QuartzCore.framework in Frameworks */,
				74F3134F7EF0F35269DC55F1 /* libPods.a in Frameworks */,
			);
			runOnlyForDeploymentPostprocessing = 0;
		};
		0F2AE4151B00719C00CB96A3 /* Frameworks */ = {
			isa = PBXFrameworksBuildPhase;
			buildActionMask = 2147483647;
			files = (
			);
			runOnlyForDeploymentPostprocessing = 0;
		};
/* End PBXFrameworksBuildPhase section */

/* Begin PBXGroup section */
		0F08976A1B099BE40060E17E /* Custom Transition Delegates */ = {
			isa = PBXGroup;
			children = (
				0F08976B1B099C2D0060E17E /* SlideTransitionDelegate.swift */,
			);
			name = "Custom Transition Delegates";
			sourceTree = "<group>";
		};
		0F179D6E1B01B04B00EE4744 /* Shared View Controllers */ = {
			isa = PBXGroup;
			children = (
				0F179D6C1B01B03F00EE4744 /* DetailedExerciseViewController.swift */,
			);
			name = "Shared View Controllers";
			sourceTree = "<group>";
		};
		0F179D731B01BFBF00EE4744 /* Custom Views */ = {
			isa = PBXGroup;
			children = (
				0F179D711B01BFB500EE4744 /* CircleWithTextView.swift */,
				0F179D741B01C59400EE4744 /* CircularView.xib */,
			);
			name = "Custom Views";
			sourceTree = "<group>";
		};
		0F2AE3FA1B00719C00CB96A3 = {
			isa = PBXGroup;
			children = (
				0F2AE4051B00719C00CB96A3 /* PT_Helper */,
				0F2AE41B1B00719C00CB96A3 /* PT_HelperTests */,
				0F2AE4041B00719C00CB96A3 /* Products */,
				F91B44224684B7FFDFC586F3 /* Pods */,
				AE90D055F7F9DB6EF3617BA9 /* Frameworks */,
				B5B4C72D1B02EC90004D5FFD /* PT_Helper-Bridging-Header.h */,
			);
			sourceTree = "<group>";
		};
		0F2AE4041B00719C00CB96A3 /* Products */ = {
			isa = PBXGroup;
			children = (
				0F2AE4031B00719C00CB96A3 /* PT_Helper.app */,
				0F2AE4181B00719C00CB96A3 /* PT_HelperTests.xctest */,
			);
			name = Products;
			sourceTree = "<group>";
		};
		0F2AE4051B00719C00CB96A3 /* PT_Helper */ = {
			isa = PBXGroup;
			children = (
				0FDF9C501B0ED81D00F71005 /* No Longer Used */,
				0F08976A1B099BE40060E17E /* Custom Transition Delegates */,
				CA0EB8F01B03E57A0060FA8E /* ProviderViewControllers */,
				0F179D731B01BFBF00EE4744 /* Custom Views */,
				0F179D6E1B01B04B00EE4744 /* Shared View Controllers */,
				0F2AE4331B008ADB00CB96A3 /* Models */,
				0F2AE4321B008A3400CB96A3 /* PatientViewControllers */,
				0F2AE4311B008A2000CB96A3 /* Cells */,
				0F2AE4081B00719C00CB96A3 /* AppDelegate.swift */,
				0F2AE40C1B00719C00CB96A3 /* Main.storyboard */,
				0F2AE40F1B00719C00CB96A3 /* Images.xcassets */,
				0F2AE4111B00719C00CB96A3 /* LaunchScreen.xib */,
				0F2AE4061B00719C00CB96A3 /* Supporting Files */,
				B5B4C73C1B06AF57004D5FFD /* Util.swift */,
			);
			path = PT_Helper;
			sourceTree = "<group>";
		};
		0F2AE4061B00719C00CB96A3 /* Supporting Files */ = {
			isa = PBXGroup;
			children = (
				0F2AE4071B00719C00CB96A3 /* Info.plist */,
			);
			name = "Supporting Files";
			sourceTree = "<group>";
		};
		0F2AE41B1B00719C00CB96A3 /* PT_HelperTests */ = {
			isa = PBXGroup;
			children = (
				0F2AE41E1B00719C00CB96A3 /* PT_HelperTests.swift */,
				0F2AE41C1B00719C00CB96A3 /* Supporting Files */,
			);
			path = PT_HelperTests;
			sourceTree = "<group>";
		};
		0F2AE41C1B00719C00CB96A3 /* Supporting Files */ = {
			isa = PBXGroup;
			children = (
				0F2AE41D1B00719C00CB96A3 /* Info.plist */,
			);
			name = "Supporting Files";
			sourceTree = "<group>";
		};
		0F2AE4311B008A2000CB96A3 /* Cells */ = {
			isa = PBXGroup;
			children = (
				0F2AE42E1B00894E00CB96A3 /* ExerciseCell.swift */,
				B5B4C7341B051398004D5FFD /* PatientCell.swift */,
				B5841B7E1B1291F80075AA47 /* ExerciseTemplateCell.swift */,
			);
			name = Cells;
			sourceTree = "<group>";
		};
		0F2AE4321B008A3400CB96A3 /* PatientViewControllers */ = {
			isa = PBXGroup;
			children = (
				0FDF9C4E1B0EC4A200F71005 /* PatientHomeViewController.swift */,
				0F0897681B0988980060E17E /* WorkoutContainerViewController.swift */,
				0F179D6F1B01BDF600EE4744 /* PatientWorkingOutViewController.swift */,
				0F2AE4281B007B0F00CB96A3 /* PatientLoginViewController.swift */,
				0F2AE42A1B0084A300CB96A3 /* PatientExercisesViewController.swift */,
			);
			name = PatientViewControllers;
			sourceTree = "<group>";
		};
		0F2AE4331B008ADB00CB96A3 /* Models */ = {
			isa = PBXGroup;
			children = (
				0F2AE4341B008AF400CB96A3 /* Exercise.swift */,
			);
			name = Models;
			sourceTree = "<group>";
		};
		0FDF9C501B0ED81D00F71005 /* No Longer Used */ = {
			isa = PBXGroup;
			children = (
				0FA617671B07121700A83054 /* PatientCongratulationsViewController.swift */,
			);
			name = "No Longer Used";
			sourceTree = "<group>";
		};
		AE90D055F7F9DB6EF3617BA9 /* Frameworks */ = {
			isa = PBXGroup;
			children = (
				CAD054F71B09D193000DDE71 /* AVFoundation.framework */,
				CA5EF1991B09431E0048BAB2 /* MediaPlayer.framework */,
				CA5EF1971B093A310048BAB2 /* MobileCoreServices.framework */,
				CA5EF1911B072EC40048BAB2 /* UIKit.framework */,
				0FEFC4BE1B06FCF30099954C /* KYCircularProgress.framework */,
				0FEFC4BC1B06F48A0099954C /* QuartzCore.framework */,
				6C3CFD0231F5465C90B94198 /* libPods.a */,
			);
			name = Frameworks;
			sourceTree = "<group>";
		};
		CA0EB8F01B03E57A0060FA8E /* ProviderViewControllers */ = {
			isa = PBXGroup;
			children = (
				CA0EB8F11B03E5A90060FA8E /* ProviderHomeViewController.swift */,
				CA0EB8F31B03EA610060FA8E /* ProviderManageExercisesViewController.swift */,
				CA0EB8F51B03EF6E0060FA8E /* ProviderCreateNewPatientViewController.swift */,
				B5B4C7361B05140D004D5FFD /* ProviderPatientsViewController.swift */,
				B5B4C7381B051DBC004D5FFD /* ProviderSignupVIewController.swift */,
				CA5EF18F1B072B710048BAB2 /* CreateNewExerciseViewController.swift */,
				B54E741E1B114A8F0064BB8A /* ProviderManagePatientExercises.swift */,
				B54E74201B1276030064BB8A /* NewExerciseViewController.swift */,
				B5841B801B13A4320075AA47 /* EditExerciseViewController.swift */,
			);
			name = ProviderViewControllers;
			sourceTree = "<group>";
		};
		F91B44224684B7FFDFC586F3 /* Pods */ = {
			isa = PBXGroup;
			children = (
				390A5534730AFA89A241688D /* Pods.debug.xcconfig */,
				23452D17B05C9DC7FB6A59EF /* Pods.release.xcconfig */,
			);
			name = Pods;
			sourceTree = "<group>";
		};
/* End PBXGroup section */

/* Begin PBXNativeTarget section */
		0F2AE4021B00719C00CB96A3 /* PT_Helper */ = {
			isa = PBXNativeTarget;
			buildConfigurationList = 0F2AE4221B00719C00CB96A3 /* Build configuration list for PBXNativeTarget "PT_Helper" */;
			buildPhases = (
				23D8909B0B3FE78B0DD35352 /* Check Pods Manifest.lock */,
				0F2AE3FF1B00719C00CB96A3 /* Sources */,
				0F2AE4001B00719C00CB96A3 /* Frameworks */,
				0F2AE4011B00719C00CB96A3 /* Resources */,
				B97BABE704C42CF307736AF8 /* Copy Pods Resources */,
			);
			buildRules = (
			);
			dependencies = (
			);
			name = PT_Helper;
			productName = PT_Helper;
			productReference = 0F2AE4031B00719C00CB96A3 /* PT_Helper.app */;
			productType = "com.apple.product-type.application";
		};
		0F2AE4171B00719C00CB96A3 /* PT_HelperTests */ = {
			isa = PBXNativeTarget;
			buildConfigurationList = 0F2AE4251B00719C00CB96A3 /* Build configuration list for PBXNativeTarget "PT_HelperTests" */;
			buildPhases = (
				0F2AE4141B00719C00CB96A3 /* Sources */,
				0F2AE4151B00719C00CB96A3 /* Frameworks */,
				0F2AE4161B00719C00CB96A3 /* Resources */,
			);
			buildRules = (
			);
			dependencies = (
				0F2AE41A1B00719C00CB96A3 /* PBXTargetDependency */,
			);
			name = PT_HelperTests;
			productName = PT_HelperTests;
			productReference = 0F2AE4181B00719C00CB96A3 /* PT_HelperTests.xctest */;
			productType = "com.apple.product-type.bundle.unit-test";
		};
/* End PBXNativeTarget section */

/* Begin PBXProject section */
		0F2AE3FB1B00719C00CB96A3 /* Project object */ = {
			isa = PBXProject;
			attributes = {
				LastUpgradeCheck = 0630;
				ORGANIZATIONNAME = "Nathaniel Okun";
				TargetAttributes = {
					0F2AE4021B00719C00CB96A3 = {
						CreatedOnToolsVersion = 6.3.1;
						DevelopmentTeam = 9ZRFBX2E69;
					};
					0F2AE4171B00719C00CB96A3 = {
						CreatedOnToolsVersion = 6.3.1;
						TestTargetID = 0F2AE4021B00719C00CB96A3;
					};
				};
			};
			buildConfigurationList = 0F2AE3FE1B00719C00CB96A3 /* Build configuration list for PBXProject "PT_Helper" */;
			compatibilityVersion = "Xcode 3.2";
			developmentRegion = English;
			hasScannedForEncodings = 0;
			knownRegions = (
				en,
				Base,
			);
			mainGroup = 0F2AE3FA1B00719C00CB96A3;
			productRefGroup = 0F2AE4041B00719C00CB96A3 /* Products */;
			projectDirPath = "";
			projectRoot = "";
			targets = (
				0F2AE4021B00719C00CB96A3 /* PT_Helper */,
				0F2AE4171B00719C00CB96A3 /* PT_HelperTests */,
			);
		};
/* End PBXProject section */

/* Begin PBXResourcesBuildPhase section */
		0F2AE4011B00719C00CB96A3 /* Resources */ = {
			isa = PBXResourcesBuildPhase;
			buildActionMask = 2147483647;
			files = (
				0F2AE40E1B00719C00CB96A3 /* Main.storyboard in Resources */,
				0F179D751B01C59400EE4744 /* CircularView.xib in Resources */,
				0F2AE4131B00719C00CB96A3 /* LaunchScreen.xib in Resources */,
				0F2AE4101B00719C00CB96A3 /* Images.xcassets in Resources */,
			);
			runOnlyForDeploymentPostprocessing = 0;
		};
		0F2AE4161B00719C00CB96A3 /* Resources */ = {
			isa = PBXResourcesBuildPhase;
			buildActionMask = 2147483647;
			files = (
			);
			runOnlyForDeploymentPostprocessing = 0;
		};
/* End PBXResourcesBuildPhase section */

/* Begin PBXShellScriptBuildPhase section */
		23D8909B0B3FE78B0DD35352 /* Check Pods Manifest.lock */ = {
			isa = PBXShellScriptBuildPhase;
			buildActionMask = 2147483647;
			files = (
			);
			inputPaths = (
			);
			name = "Check Pods Manifest.lock";
			outputPaths = (
			);
			runOnlyForDeploymentPostprocessing = 0;
			shellPath = /bin/sh;
			shellScript = "diff \"${PODS_ROOT}/../Podfile.lock\" \"${PODS_ROOT}/Manifest.lock\" > /dev/null\nif [[ $? != 0 ]] ; then\n    cat << EOM\nerror: The sandbox is not in sync with the Podfile.lock. Run 'pod install' or update your CocoaPods installation.\nEOM\n    exit 1\nfi\n";
			showEnvVarsInLog = 0;
		};
		B97BABE704C42CF307736AF8 /* Copy Pods Resources */ = {
			isa = PBXShellScriptBuildPhase;
			buildActionMask = 2147483647;
			files = (
			);
			inputPaths = (
			);
			name = "Copy Pods Resources";
			outputPaths = (
			);
			runOnlyForDeploymentPostprocessing = 0;
			shellPath = /bin/sh;
			shellScript = "\"${SRCROOT}/Pods/Target Support Files/Pods/Pods-resources.sh\"\n";
			showEnvVarsInLog = 0;
		};
/* End PBXShellScriptBuildPhase section */

/* Begin PBXSourcesBuildPhase section */
		0F2AE3FF1B00719C00CB96A3 /* Sources */ = {
			isa = PBXSourcesBuildPhase;
			buildActionMask = 2147483647;
			files = (
				0F2AE4351B008AF400CB96A3 /* Exercise.swift in Sources */,
				0F179D721B01BFB500EE4744 /* CircleWithTextView.swift in Sources */,
				CA0EB8F61B03EF6E0060FA8E /* ProviderCreateNewPatientViewController.swift in Sources */,
				0F08976C1B099C2D0060E17E /* SlideTransitionDelegate.swift in Sources */,
				0F2AE42B1B0084A300CB96A3 /* PatientExercisesViewController.swift in Sources */,
				0F179D6D1B01B03F00EE4744 /* DetailedExerciseViewController.swift in Sources */,
				B5B4C7351B051398004D5FFD /* PatientCell.swift in Sources */,
				CA5EF1901B072B710048BAB2 /* CreateNewExerciseViewController.swift in Sources */,
				B5841B811B13A4320075AA47 /* EditExerciseViewController.swift in Sources */,
				0FA617681B07121700A83054 /* PatientCongratulationsViewController.swift in Sources */,
				0F2AE42F1B00894E00CB96A3 /* ExerciseCell.swift in Sources */,
				B54E741F1B114A8F0064BB8A /* ProviderManagePatientExercises.swift in Sources */,
				B5B4C73D1B06AF57004D5FFD /* Util.swift in Sources */,
				0F2AE4291B007B0F00CB96A3 /* PatientLoginViewController.swift in Sources */,
				CA0EB8F21B03E5A90060FA8E /* ProviderHomeViewController.swift in Sources */,
				0F0897691B0988980060E17E /* WorkoutContainerViewController.swift in Sources */,
				B5841B7F1B1291F80075AA47 /* ExerciseTemplateCell.swift in Sources */,
				B5B4C7371B05140D004D5FFD /* ProviderPatientsViewController.swift in Sources */,
				0F2AE4091B00719C00CB96A3 /* AppDelegate.swift in Sources */,
				CA0EB8F41B03EA610060FA8E /* ProviderManageExercisesViewController.swift in Sources */,
				0F179D701B01BDF600EE4744 /* PatientWorkingOutViewController.swift in Sources */,
				B5B4C7391B051DBC004D5FFD /* ProviderSignupVIewController.swift in Sources */,
				0FDF9C4F1B0EC4A200F71005 /* PatientHomeViewController.swift in Sources */,
				B54E74211B1276030064BB8A /* NewExerciseViewController.swift in Sources */,
			);
			runOnlyForDeploymentPostprocessing = 0;
		};
		0F2AE4141B00719C00CB96A3 /* Sources */ = {
			isa = PBXSourcesBuildPhase;
			buildActionMask = 2147483647;
			files = (
				0F2AE41F1B00719C00CB96A3 /* PT_HelperTests.swift in Sources */,
			);
			runOnlyForDeploymentPostprocessing = 0;
		};
/* End PBXSourcesBuildPhase section */

/* Begin PBXTargetDependency section */
		0F2AE41A1B00719C00CB96A3 /* PBXTargetDependency */ = {
			isa = PBXTargetDependency;
			target = 0F2AE4021B00719C00CB96A3 /* PT_Helper */;
			targetProxy = 0F2AE4191B00719C00CB96A3 /* PBXContainerItemProxy */;
		};
/* End PBXTargetDependency section */

/* Begin PBXVariantGroup section */
		0F2AE40C1B00719C00CB96A3 /* Main.storyboard */ = {
			isa = PBXVariantGroup;
			children = (
				0F2AE40D1B00719C00CB96A3 /* Base */,
			);
			name = Main.storyboard;
			sourceTree = "<group>";
		};
		0F2AE4111B00719C00CB96A3 /* LaunchScreen.xib */ = {
			isa = PBXVariantGroup;
			children = (
				0F2AE4121B00719C00CB96A3 /* Base */,
			);
			name = LaunchScreen.xib;
			sourceTree = "<group>";
		};
/* End PBXVariantGroup section */

/* Begin XCBuildConfiguration section */
		0F2AE4201B00719C00CB96A3 /* Debug */ = {
			isa = XCBuildConfiguration;
			buildSettings = {
				ALWAYS_SEARCH_USER_PATHS = NO;
				CLANG_CXX_LANGUAGE_STANDARD = "gnu++0x";
				CLANG_CXX_LIBRARY = "libc++";
				CLANG_ENABLE_MODULES = YES;
				CLANG_ENABLE_OBJC_ARC = YES;
				CLANG_WARN_BOOL_CONVERSION = YES;
				CLANG_WARN_CONSTANT_CONVERSION = YES;
				CLANG_WARN_DIRECT_OBJC_ISA_USAGE = YES_ERROR;
				CLANG_WARN_EMPTY_BODY = YES;
				CLANG_WARN_ENUM_CONVERSION = YES;
				CLANG_WARN_INT_CONVERSION = YES;
				CLANG_WARN_OBJC_ROOT_CLASS = YES_ERROR;
				CLANG_WARN_UNREACHABLE_CODE = YES;
				CLANG_WARN__DUPLICATE_METHOD_MATCH = YES;
				"CODE_SIGN_IDENTITY[sdk=iphoneos*]" = "iPhone Developer";
				COPY_PHASE_STRIP = NO;
				DEBUG_INFORMATION_FORMAT = "dwarf-with-dsym";
				ENABLE_STRICT_OBJC_MSGSEND = YES;
				GCC_C_LANGUAGE_STANDARD = gnu99;
				GCC_DYNAMIC_NO_PIC = NO;
				GCC_NO_COMMON_BLOCKS = YES;
				GCC_OPTIMIZATION_LEVEL = 0;
				GCC_PREPROCESSOR_DEFINITIONS = (
					"DEBUG=1",
					"$(inherited)",
				);
				GCC_SYMBOLS_PRIVATE_EXTERN = NO;
				GCC_WARN_64_TO_32_BIT_CONVERSION = YES;
				GCC_WARN_ABOUT_RETURN_TYPE = YES_ERROR;
				GCC_WARN_UNDECLARED_SELECTOR = YES;
				GCC_WARN_UNINITIALIZED_AUTOS = YES_AGGRESSIVE;
				GCC_WARN_UNUSED_FUNCTION = YES;
				GCC_WARN_UNUSED_VARIABLE = YES;
				IPHONEOS_DEPLOYMENT_TARGET = 8.3;
				MTL_ENABLE_DEBUG_INFO = YES;
				ONLY_ACTIVE_ARCH = YES;
				SDKROOT = iphoneos;
				SWIFT_OPTIMIZATION_LEVEL = "-Onone";
				TARGETED_DEVICE_FAMILY = "1,2";
			};
			name = Debug;
		};
		0F2AE4211B00719C00CB96A3 /* Release */ = {
			isa = XCBuildConfiguration;
			buildSettings = {
				ALWAYS_SEARCH_USER_PATHS = NO;
				CLANG_CXX_LANGUAGE_STANDARD = "gnu++0x";
				CLANG_CXX_LIBRARY = "libc++";
				CLANG_ENABLE_MODULES = YES;
				CLANG_ENABLE_OBJC_ARC = YES;
				CLANG_WARN_BOOL_CONVERSION = YES;
				CLANG_WARN_CONSTANT_CONVERSION = YES;
				CLANG_WARN_DIRECT_OBJC_ISA_USAGE = YES_ERROR;
				CLANG_WARN_EMPTY_BODY = YES;
				CLANG_WARN_ENUM_CONVERSION = YES;
				CLANG_WARN_INT_CONVERSION = YES;
				CLANG_WARN_OBJC_ROOT_CLASS = YES_ERROR;
				CLANG_WARN_UNREACHABLE_CODE = YES;
				CLANG_WARN__DUPLICATE_METHOD_MATCH = YES;
				"CODE_SIGN_IDENTITY[sdk=iphoneos*]" = "iPhone Developer";
				COPY_PHASE_STRIP = NO;
				DEBUG_INFORMATION_FORMAT = "dwarf-with-dsym";
				ENABLE_NS_ASSERTIONS = NO;
				ENABLE_STRICT_OBJC_MSGSEND = YES;
				GCC_C_LANGUAGE_STANDARD = gnu99;
				GCC_NO_COMMON_BLOCKS = YES;
				GCC_WARN_64_TO_32_BIT_CONVERSION = YES;
				GCC_WARN_ABOUT_RETURN_TYPE = YES_ERROR;
				GCC_WARN_UNDECLARED_SELECTOR = YES;
				GCC_WARN_UNINITIALIZED_AUTOS = YES_AGGRESSIVE;
				GCC_WARN_UNUSED_FUNCTION = YES;
				GCC_WARN_UNUSED_VARIABLE = YES;
				IPHONEOS_DEPLOYMENT_TARGET = 8.3;
				MTL_ENABLE_DEBUG_INFO = NO;
				SDKROOT = iphoneos;
				TARGETED_DEVICE_FAMILY = "1,2";
				VALIDATE_PRODUCT = YES;
			};
			name = Release;
		};
		0F2AE4231B00719C00CB96A3 /* Debug */ = {
			isa = XCBuildConfiguration;
			baseConfigurationReference = 390A5534730AFA89A241688D /* Pods.debug.xcconfig */;
			buildSettings = {
				ASSETCATALOG_COMPILER_APPICON_NAME = AppIcon;
				CLANG_ENABLE_MODULES = YES;
				CODE_SIGN_IDENTITY = "iPhone Developer";
				"CODE_SIGN_IDENTITY[sdk=iphoneos*]" = "iPhone Developer";
				FRAMEWORK_SEARCH_PATHS = (
					"$(inherited)",
					"$(PROJECT_DIR)",
					"$(PROJECT_DIR)/build/Debug-iphoneos/Pods",
				);
				INFOPLIST_FILE = PT_Helper/Info.plist;
				IPHONEOS_DEPLOYMENT_TARGET = 8.0;
				LD_RUNPATH_SEARCH_PATHS = "$(inherited) @executable_path/Frameworks";
				PRODUCT_NAME = "$(TARGET_NAME)";
				PROVISIONING_PROFILE = "";
				SWIFT_OBJC_BRIDGING_HEADER = "PT_Helper-Bridging-Header.h";
				SWIFT_OPTIMIZATION_LEVEL = "-Onone";
			};
			name = Debug;
		};
		0F2AE4241B00719C00CB96A3 /* Release */ = {
			isa = XCBuildConfiguration;
			baseConfigurationReference = 23452D17B05C9DC7FB6A59EF /* Pods.release.xcconfig */;
			buildSettings = {
				ASSETCATALOG_COMPILER_APPICON_NAME = AppIcon;
				CLANG_ENABLE_MODULES = YES;
				CODE_SIGN_IDENTITY = "iPhone Developer";
				"CODE_SIGN_IDENTITY[sdk=iphoneos*]" = "iPhone Developer";
				FRAMEWORK_SEARCH_PATHS = (
					"$(inherited)",
					"$(PROJECT_DIR)",
					"$(PROJECT_DIR)/build/Debug-iphoneos/Pods",
				);
				INFOPLIST_FILE = PT_Helper/Info.plist;
				IPHONEOS_DEPLOYMENT_TARGET = 8.0;
				LD_RUNPATH_SEARCH_PATHS = "$(inherited) @executable_path/Frameworks";
				PRODUCT_NAME = "$(TARGET_NAME)";
				PROVISIONING_PROFILE = "";
				SWIFT_OBJC_BRIDGING_HEADER = "PT_Helper-Bridging-Header.h";
			};
			name = Release;
		};
		0F2AE4261B00719C00CB96A3 /* Debug */ = {
			isa = XCBuildConfiguration;
			buildSettings = {
				BUNDLE_LOADER = "$(TEST_HOST)";
				FRAMEWORK_SEARCH_PATHS = (
					"$(SDKROOT)/Developer/Library/Frameworks",
					"$(inherited)",
				);
				GCC_PREPROCESSOR_DEFINITIONS = (
					"DEBUG=1",
					"$(inherited)",
				);
				INFOPLIST_FILE = PT_HelperTests/Info.plist;
				LD_RUNPATH_SEARCH_PATHS = "$(inherited) @executable_path/Frameworks @loader_path/Frameworks";
				PRODUCT_NAME = "$(TARGET_NAME)";
				TEST_HOST = "$(BUILT_PRODUCTS_DIR)/PT_Helper.app/PT_Helper";
			};
			name = Debug;
		};
		0F2AE4271B00719C00CB96A3 /* Release */ = {
			isa = XCBuildConfiguration;
			buildSettings = {
				BUNDLE_LOADER = "$(TEST_HOST)";
				FRAMEWORK_SEARCH_PATHS = (
					"$(SDKROOT)/Developer/Library/Frameworks",
					"$(inherited)",
				);
				INFOPLIST_FILE = PT_HelperTests/Info.plist;
				LD_RUNPATH_SEARCH_PATHS = "$(inherited) @executable_path/Frameworks @loader_path/Frameworks";
				PRODUCT_NAME = "$(TARGET_NAME)";
				TEST_HOST = "$(BUILT_PRODUCTS_DIR)/PT_Helper.app/PT_Helper";
			};
			name = Release;
		};
/* End XCBuildConfiguration section */

/* Begin XCConfigurationList section */
		0F2AE3FE1B00719C00CB96A3 /* Build configuration list for PBXProject "PT_Helper" */ = {
			isa = XCConfigurationList;
			buildConfigurations = (
				0F2AE4201B00719C00CB96A3 /* Debug */,
				0F2AE4211B00719C00CB96A3 /* Release */,
			);
			defaultConfigurationIsVisible = 0;
			defaultConfigurationName = Release;
		};
		0F2AE4221B00719C00CB96A3 /* Build configuration list for PBXNativeTarget "PT_Helper" */ = {
			isa = XCConfigurationList;
			buildConfigurations = (
				0F2AE4231B00719C00CB96A3 /* Debug */,
				0F2AE4241B00719C00CB96A3 /* Release */,
			);
			defaultConfigurationIsVisible = 0;
			defaultConfigurationName = Release;
		};
		0F2AE4251B00719C00CB96A3 /* Build configuration list for PBXNativeTarget "PT_HelperTests" */ = {
			isa = XCConfigurationList;
			buildConfigurations = (
				0F2AE4261B00719C00CB96A3 /* Debug */,
				0F2AE4271B00719C00CB96A3 /* Release */,
			);
			defaultConfigurationIsVisible = 0;
			defaultConfigurationName = Release;
		};
/* End XCConfigurationList section */
	};
	rootObject = 0F2AE3FB1B00719C00CB96A3 /* Project object */;
}
